
Microsoft Visual Studio Solution File, Format Version 12.00
# Visual Studio 15
VisualStudioVersion = 15.0.28307.645
MinimumVisualStudioVersion = 10.0.40219.1
Project("{FAE04EC0-301F-11D3-BF4B-00C04F79EFBC}") = "MieleThirdApi.Android", "MieleThirdApi\MieleThirdApi.Android\MieleThirdApi.Android.csproj", "{91C6AE8B-9383-4587-9E0B-4A04EEA56671}"
EndProject
Project("{FAE04EC0-301F-11D3-BF4B-00C04F79EFBC}") = "MieleThirdApi.iOS", "MieleThirdApi\MieleThirdApi.iOS\MieleThirdApi.iOS.csproj", "{48806C4C-716B-467F-919B-F07F29ABA4C8}"
EndProject
Project("{FAE04EC0-301F-11D3-BF4B-00C04F79EFBC}") = "MieleThirdApi.UWP", "MieleThirdApi\MieleThirdApi.UWP\MieleThirdApi.UWP.csproj", "{8FF20F68-BD64-4724-B691-30E5997CEC81}"
EndProject
Project("{9A19103F-16F7-4668-BE54-9A1E7A4F7556}") = "MieleThirdApi", "MieleThirdApi\MieleThirdApi\MieleThirdApi.csproj", "{70B850E3-34B4-43AF-94C0-E86322353774}"
EndProject
Project("{FAE04EC0-301F-11D3-BF4B-00C04F79EFBC}") = "MieleThirdApi.UnitTest", "MieleThirdApi.UnitTest\MieleThirdApi.UnitTest.csproj", "{8F1B2186-4E33-40D1-A6D4-9E1BB68AA76F}"
EndProject
Global
	GlobalSection(SolutionConfigurationPlatforms) = preSolution
		Ad-Hoc|Any CPU = Ad-Hoc|Any CPU
		Ad-Hoc|ARM = Ad-Hoc|ARM
		Ad-Hoc|iPhone = Ad-Hoc|iPhone
		Ad-Hoc|iPhoneSimulator = Ad-Hoc|iPhoneSimulator
		Ad-Hoc|x64 = Ad-Hoc|x64
		Ad-Hoc|x86 = Ad-Hoc|x86
		AppStore|Any CPU = AppStore|Any CPU
		AppStore|ARM = AppStore|ARM
		AppStore|iPhone = AppStore|iPhone
		AppStore|iPhoneSimulator = AppStore|iPhoneSimulator
		AppStore|x64 = AppStore|x64
		AppStore|x86 = AppStore|x86
		Debug|Any CPU = Debug|Any CPU
		Debug|ARM = Debug|ARM
		Debug|iPhone = Debug|iPhone
		Debug|iPhoneSimulator = Debug|iPhoneSimulator
		Debug|x64 = Debug|x64
		Debug|x86 = Debug|x86
		Release|Any CPU = Release|Any CPU
		Release|ARM = Release|ARM
		Release|iPhone = Release|iPhone
		Release|iPhoneSimulator = Release|iPhoneSimulator
		Release|x64 = Release|x64
		Release|x86 = Release|x86
	EndGlobalSection
	GlobalSection(ProjectConfigurationPlatforms) = postSolution
		{91C6AE8B-9383-4587-9E0B-4A04EEA56671}.Ad-Hoc|Any CPU.ActiveCfg = Release|Any CPU
		{91C6AE8B-9383-4587-9E0B-4A04EEA56671}.Ad-Hoc|Any CPU.Build.0 = Release|Any CPU
		{91C6AE8B-9383-4587-9E0B-4A04EEA56671}.Ad-Hoc|Any CPU.Deploy.0 = Release|Any CPU
		{91C6AE8B-9383-4587-9E0B-4A04EEA56671}.Ad-Hoc|ARM.ActiveCfg = Release|Any CPU
		{91C6AE8B-9383-4587-9E0B-4A04EEA56671}.Ad-Hoc|ARM.Build.0 = Release|Any CPU
		{91C6AE8B-9383-4587-9E0B-4A04EEA56671}.Ad-Hoc|ARM.Deploy.0 = Release|Any CPU
		{91C6AE8B-9383-4587-9E0B-4A04EEA56671}.Ad-Hoc|iPhone.ActiveCfg = Release|Any CPU
		{91C6AE8B-9383-4587-9E0B-4A04EEA56671}.Ad-Hoc|iPhone.Build.0 = Release|Any CPU
		{91C6AE8B-9383-4587-9E0B-4A04EEA56671}.Ad-Hoc|iPhone.Deploy.0 = Release|Any CPU
		{91C6AE8B-9383-4587-9E0B-4A04EEA56671}.Ad-Hoc|iPhoneSimulator.ActiveCfg = Release|Any CPU
		{91C6AE8B-9383-4587-9E0B-4A04EEA56671}.Ad-Hoc|iPhoneSimulator.Build.0 = Release|Any CPU
		{91C6AE8B-9383-4587-9E0B-4A04EEA56671}.Ad-Hoc|iPhoneSimulator.Deploy.0 = Release|Any CPU
		{91C6AE8B-9383-4587-9E0B-4A04EEA56671}.Ad-Hoc|x64.ActiveCfg = Release|Any CPU
		{91C6AE8B-9383-4587-9E0B-4A04EEA56671}.Ad-Hoc|x64.Build.0 = Release|Any CPU
		{91C6AE8B-9383-4587-9E0B-4A04EEA56671}.Ad-Hoc|x64.Deploy.0 = Release|Any CPU
		{91C6AE8B-9383-4587-9E0B-4A04EEA56671}.Ad-Hoc|x86.ActiveCfg = Release|Any CPU
		{91C6AE8B-9383-4587-9E0B-4A04EEA56671}.Ad-Hoc|x86.Build.0 = Release|Any CPU
		{91C6AE8B-9383-4587-9E0B-4A04EEA56671}.Ad-Hoc|x86.Deploy.0 = Release|Any CPU
		{91C6AE8B-9383-4587-9E0B-4A04EEA56671}.AppStore|Any CPU.ActiveCfg = Release|Any CPU
		{91C6AE8B-9383-4587-9E0B-4A04EEA56671}.AppStore|Any CPU.Build.0 = Release|Any CPU
		{91C6AE8B-9383-4587-9E0B-4A04EEA56671}.AppStore|Any CPU.Deploy.0 = Release|Any CPU
		{91C6AE8B-9383-4587-9E0B-4A04EEA56671}.AppStore|ARM.ActiveCfg = Release|Any CPU
		{91C6AE8B-9383-4587-9E0B-4A04EEA56671}.AppStore|ARM.Build.0 = Release|Any CPU
		{91C6AE8B-9383-4587-9E0B-4A04EEA56671}.AppStore|ARM.Deploy.0 = Release|Any CPU
		{91C6AE8B-9383-4587-9E0B-4A04EEA56671}.AppStore|iPhone.ActiveCfg = Release|Any CPU
		{91C6AE8B-9383-4587-9E0B-4A04EEA56671}.AppStore|iPhone.Build.0 = Release|Any CPU
		{91C6AE8B-9383-4587-9E0B-4A04EEA56671}.AppStore|iPhone.Deploy.0 = Release|Any CPU
		{91C6AE8B-9383-4587-9E0B-4A04EEA56671}.AppStore|iPhoneSimulator.ActiveCfg = Release|Any CPU
		{91C6AE8B-9383-4587-9E0B-4A04EEA56671}.AppStore|iPhoneSimulator.Build.0 = Release|Any CPU
		{91C6AE8B-9383-4587-9E0B-4A04EEA56671}.AppStore|iPhoneSimulator.Deploy.0 = Release|Any CPU
		{91C6AE8B-9383-4587-9E0B-4A04EEA56671}.AppStore|x64.ActiveCfg = Release|Any CPU
		{91C6AE8B-9383-4587-9E0B-4A04EEA56671}.AppStore|x64.Build.0 = Release|Any CPU
		{91C6AE8B-9383-4587-9E0B-4A04EEA56671}.AppStore|x64.Deploy.0 = Release|Any CPU
		{91C6AE8B-9383-4587-9E0B-4A04EEA56671}.AppStore|x86.ActiveCfg = Release|Any CPU
		{91C6AE8B-9383-4587-9E0B-4A04EEA56671}.AppStore|x86.Build.0 = Release|Any CPU
		{91C6AE8B-9383-4587-9E0B-4A04EEA56671}.AppStore|x86.Deploy.0 = Release|Any CPU
		{91C6AE8B-9383-4587-9E0B-4A04EEA56671}.Debug|Any CPU.ActiveCfg = Debug|Any CPU
		{91C6AE8B-9383-4587-9E0B-4A04EEA56671}.Debug|Any CPU.Build.0 = Debug|Any CPU
		{91C6AE8B-9383-4587-9E0B-4A04EEA56671}.Debug|Any CPU.Deploy.0 = Debug|Any CPU
		{91C6AE8B-9383-4587-9E0B-4A04EEA56671}.Debug|ARM.ActiveCfg = Debug|Any CPU
		{91C6AE8B-9383-4587-9E0B-4A04EEA56671}.Debug|ARM.Build.0 = Debug|Any CPU
		{91C6AE8B-9383-4587-9E0B-4A04EEA56671}.Debug|ARM.Deploy.0 = Debug|Any CPU
		{91C6AE8B-9383-4587-9E0B-4A04EEA56671}.Debug|iPhone.ActiveCfg = Debug|Any CPU
		{91C6AE8B-9383-4587-9E0B-4A04EEA56671}.Debug|iPhone.Build.0 = Debug|Any CPU
		{91C6AE8B-9383-4587-9E0B-4A04EEA56671}.Debug|iPhone.Deploy.0 = Debug|Any CPU
		{91C6AE8B-9383-4587-9E0B-4A04EEA56671}.Debug|iPhoneSimulator.ActiveCfg = Debug|Any CPU
		{91C6AE8B-9383-4587-9E0B-4A04EEA56671}.Debug|iPhoneSimulator.Build.0 = Debug|Any CPU
		{91C6AE8B-9383-4587-9E0B-4A04EEA56671}.Debug|iPhoneSimulator.Deploy.0 = Debug|Any CPU
		{91C6AE8B-9383-4587-9E0B-4A04EEA56671}.Debug|x64.ActiveCfg = Debug|Any CPU
		{91C6AE8B-9383-4587-9E0B-4A04EEA56671}.Debug|x64.Build.0 = Debug|Any CPU
		{91C6AE8B-9383-4587-9E0B-4A04EEA56671}.Debug|x64.Deploy.0 = Debug|Any CPU
		{91C6AE8B-9383-4587-9E0B-4A04EEA56671}.Debug|x86.ActiveCfg = Debug|Any CPU
		{91C6AE8B-9383-4587-9E0B-4A04EEA56671}.Debug|x86.Build.0 = Debug|Any CPU
		{91C6AE8B-9383-4587-9E0B-4A04EEA56671}.Debug|x86.Deploy.0 = Debug|Any CPU
		{91C6AE8B-9383-4587-9E0B-4A04EEA56671}.Release|Any CPU.ActiveCfg = Release|Any CPU
		{91C6AE8B-9383-4587-9E0B-4A04EEA56671}.Release|Any CPU.Build.0 = Release|Any CPU
		{91C6AE8B-9383-4587-9E0B-4A04EEA56671}.Release|Any CPU.Deploy.0 = Release|Any CPU
		{91C6AE8B-9383-4587-9E0B-4A04EEA56671}.Release|ARM.ActiveCfg = Release|Any CPU
		{91C6AE8B-9383-4587-9E0B-4A04EEA56671}.Release|ARM.Build.0 = Release|Any CPU
		{91C6AE8B-9383-4587-9E0B-4A04EEA56671}.Release|ARM.Deploy.0 = Release|Any CPU
		{91C6AE8B-9383-4587-9E0B-4A04EEA56671}.Release|iPhone.ActiveCfg = Release|Any CPU
		{91C6AE8B-9383-4587-9E0B-4A04EEA56671}.Release|iPhone.Build.0 = Release|Any CPU
		{91C6AE8B-9383-4587-9E0B-4A04EEA56671}.Release|iPhone.Deploy.0 = Release|Any CPU
		{91C6AE8B-9383-4587-9E0B-4A04EEA56671}.Release|iPhoneSimulator.ActiveCfg = Release|Any CPU
		{91C6AE8B-9383-4587-9E0B-4A04EEA56671}.Release|iPhoneSimulator.Build.0 = Release|Any CPU
		{91C6AE8B-9383-4587-9E0B-4A04EEA56671}.Release|iPhoneSimulator.Deploy.0 = Release|Any CPU
		{91C6AE8B-9383-4587-9E0B-4A04EEA56671}.Release|x64.ActiveCfg = Release|Any CPU
		{91C6AE8B-9383-4587-9E0B-4A04EEA56671}.Release|x64.Build.0 = Release|Any CPU
		{91C6AE8B-9383-4587-9E0B-4A04EEA56671}.Release|x64.Deploy.0 = Release|Any CPU
		{91C6AE8B-9383-4587-9E0B-4A04EEA56671}.Release|x86.ActiveCfg = Release|Any CPU
		{91C6AE8B-9383-4587-9E0B-4A04EEA56671}.Release|x86.Build.0 = Release|Any CPU
		{91C6AE8B-9383-4587-9E0B-4A04EEA56671}.Release|x86.Deploy.0 = Release|Any CPU
		{48806C4C-716B-467F-919B-F07F29ABA4C8}.Ad-Hoc|Any CPU.ActiveCfg = Ad-Hoc|iPhone
		{48806C4C-716B-467F-919B-F07F29ABA4C8}.Ad-Hoc|Any CPU.Build.0 = Ad-Hoc|iPhone
		{48806C4C-716B-467F-919B-F07F29ABA4C8}.Ad-Hoc|Any CPU.Deploy.0 = Ad-Hoc|iPhone
		{48806C4C-716B-467F-919B-F07F29ABA4C8}.Ad-Hoc|ARM.ActiveCfg = Ad-Hoc|iPhone
		{48806C4C-716B-467F-919B-F07F29ABA4C8}.Ad-Hoc|ARM.Build.0 = Ad-Hoc|iPhone
		{48806C4C-716B-467F-919B-F07F29ABA4C8}.Ad-Hoc|ARM.Deploy.0 = Ad-Hoc|iPhone
		{48806C4C-716B-467F-919B-F07F29ABA4C8}.Ad-Hoc|iPhone.ActiveCfg = Ad-Hoc|iPhone
		{48806C4C-716B-467F-919B-F07F29ABA4C8}.Ad-Hoc|iPhone.Build.0 = Ad-Hoc|iPhone
		{48806C4C-716B-467F-919B-F07F29ABA4C8}.Ad-Hoc|iPhone.Deploy.0 = Ad-Hoc|iPhone
		{48806C4C-716B-467F-919B-F07F29ABA4C8}.Ad-Hoc|iPhoneSimulator.ActiveCfg = Ad-Hoc|iPhoneSimulator
		{48806C4C-716B-467F-919B-F07F29ABA4C8}.Ad-Hoc|iPhoneSimulator.Build.0 = Ad-Hoc|iPhoneSimulator
		{48806C4C-716B-467F-919B-F07F29ABA4C8}.Ad-Hoc|iPhoneSimulator.Deploy.0 = Ad-Hoc|iPhoneSimulator
		{48806C4C-716B-467F-919B-F07F29ABA4C8}.Ad-Hoc|x64.ActiveCfg = Ad-Hoc|iPhone
		{48806C4C-716B-467F-919B-F07F29ABA4C8}.Ad-Hoc|x64.Build.0 = Ad-Hoc|iPhone
		{48806C4C-716B-467F-919B-F07F29ABA4C8}.Ad-Hoc|x64.Deploy.0 = Ad-Hoc|iPhone
		{48806C4C-716B-467F-919B-F07F29ABA4C8}.Ad-Hoc|x86.ActiveCfg = Ad-Hoc|iPhone
		{48806C4C-716B-467F-919B-F07F29ABA4C8}.Ad-Hoc|x86.Build.0 = Ad-Hoc|iPhone
		{48806C4C-716B-467F-919B-F07F29ABA4C8}.Ad-Hoc|x86.Deploy.0 = Ad-Hoc|iPhone
		{48806C4C-716B-467F-919B-F07F29ABA4C8}.AppStore|Any CPU.ActiveCfg = AppStore|iPhone
		{48806C4C-716B-467F-919B-F07F29ABA4C8}.AppStore|Any CPU.Build.0 = AppStore|iPhone
		{48806C4C-716B-467F-919B-F07F29ABA4C8}.AppStore|Any CPU.Deploy.0 = AppStore|iPhone
		{48806C4C-716B-467F-919B-F07F29ABA4C8}.AppStore|ARM.ActiveCfg = AppStore|iPhone
		{48806C4C-716B-467F-919B-F07F29ABA4C8}.AppStore|ARM.Build.0 = AppStore|iPhone
		{48806C4C-716B-467F-919B-F07F29ABA4C8}.AppStore|ARM.Deploy.0 = AppStore|iPhone
		{48806C4C-716B-467F-919B-F07F29ABA4C8}.AppStore|iPhone.ActiveCfg = AppStore|iPhone
		{48806C4C-716B-467F-919B-F07F29ABA4C8}.AppStore|iPhone.Build.0 = AppStore|iPhone
		{48806C4C-716B-467F-919B-F07F29ABA4C8}.AppStore|iPhone.Deploy.0 = AppStore|iPhone
		{48806C4C-716B-467F-919B-F07F29ABA4C8}.AppStore|iPhoneSimulator.ActiveCfg = AppStore|iPhoneSimulator
		{48806C4C-716B-467F-919B-F07F29ABA4C8}.AppStore|iPhoneSimulator.Build.0 = AppStore|iPhoneSimulator
		{48806C4C-716B-467F-919B-F07F29ABA4C8}.AppStore|iPhoneSimulator.Deploy.0 = AppStore|iPhoneSimulator
		{48806C4C-716B-467F-919B-F07F29ABA4C8}.AppStore|x64.ActiveCfg = AppStore|iPhone
		{48806C4C-716B-467F-919B-F07F29ABA4C8}.AppStore|x64.Build.0 = AppStore|iPhone
		{48806C4C-716B-467F-919B-F07F29ABA4C8}.AppStore|x64.Deploy.0 = AppStore|iPhone
		{48806C4C-716B-467F-919B-F07F29ABA4C8}.AppStore|x86.ActiveCfg = AppStore|iPhone
		{48806C4C-716B-467F-919B-F07F29ABA4C8}.AppStore|x86.Build.0 = AppStore|iPhone
		{48806C4C-716B-467F-919B-F07F29ABA4C8}.AppStore|x86.Deploy.0 = AppStore|iPhone
		{48806C4C-716B-467F-919B-F07F29ABA4C8}.Debug|Any CPU.ActiveCfg = Debug|iPhoneSimulator
		{48806C4C-716B-467F-919B-F07F29ABA4C8}.Debug|Any CPU.Build.0 = Debug|iPhoneSimulator
		{48806C4C-716B-467F-919B-F07F29ABA4C8}.Debug|Any CPU.Deploy.0 = Debug|iPhoneSimulator
		{48806C4C-716B-467F-919B-F07F29ABA4C8}.Debug|ARM.ActiveCfg = Debug|iPhone
		{48806C4C-716B-467F-919B-F07F29ABA4C8}.Debug|ARM.Build.0 = Debug|iPhone
		{48806C4C-716B-467F-919B-F07F29ABA4C8}.Debug|ARM.Deploy.0 = Debug|iPhone
		{48806C4C-716B-467F-919B-F07F29ABA4C8}.Debug|iPhone.ActiveCfg = Debug|iPhone
		{48806C4C-716B-467F-919B-F07F29ABA4C8}.Debug|iPhone.Build.0 = Debug|iPhone
		{48806C4C-716B-467F-919B-F07F29ABA4C8}.Debug|iPhone.Deploy.0 = Debug|iPhone
		{48806C4C-716B-467F-919B-F07F29ABA4C8}.Debug|iPhoneSimulator.ActiveCfg = Debug|iPhoneSimulator
		{48806C4C-716B-467F-919B-F07F29ABA4C8}.Debug|iPhoneSimulator.Build.0 = Debug|iPhoneSimulator
		{48806C4C-716B-467F-919B-F07F29ABA4C8}.Debug|iPhoneSimulator.Deploy.0 = Debug|iPhoneSimulator
		{48806C4C-716B-467F-919B-F07F29ABA4C8}.Debug|x64.ActiveCfg = Debug|iPhone
		{48806C4C-716B-467F-919B-F07F29ABA4C8}.Debug|x64.Build.0 = Debug|iPhone
		{48806C4C-716B-467F-919B-F07F29ABA4C8}.Debug|x64.Deploy.0 = Debug|iPhone
		{48806C4C-716B-467F-919B-F07F29ABA4C8}.Debug|x86.ActiveCfg = Debug|iPhone
		{48806C4C-716B-467F-919B-F07F29ABA4C8}.Debug|x86.Build.0 = Debug|iPhone
		{48806C4C-716B-467F-919B-F07F29ABA4C8}.Debug|x86.Deploy.0 = Debug|iPhone
		{48806C4C-716B-467F-919B-F07F29ABA4C8}.Release|Any CPU.ActiveCfg = Release|iPhone
		{48806C4C-716B-467F-919B-F07F29ABA4C8}.Release|Any CPU.Build.0 = Release|iPhone
		{48806C4C-716B-467F-919B-F07F29ABA4C8}.Release|Any CPU.Deploy.0 = Release|iPhone
		{48806C4C-716B-467F-919B-F07F29ABA4C8}.Release|ARM.ActiveCfg = Release|iPhone
		{48806C4C-716B-467F-919B-F07F29ABA4C8}.Release|ARM.Build.0 = Release|iPhone
		{48806C4C-716B-467F-919B-F07F29ABA4C8}.Release|ARM.Deploy.0 = Release|iPhone
		{48806C4C-716B-467F-919B-F07F29ABA4C8}.Release|iPhone.ActiveCfg = Release|iPhone
		{48806C4C-716B-467F-919B-F07F29ABA4C8}.Release|iPhone.Build.0 = Release|iPhone
		{48806C4C-716B-467F-919B-F07F29ABA4C8}.Release|iPhone.Deploy.0 = Release|iPhone
		{48806C4C-716B-467F-919B-F07F29ABA4C8}.Release|iPhoneSimulator.ActiveCfg = Release|iPhoneSimulator
		{48806C4C-716B-467F-919B-F07F29ABA4C8}.Release|iPhoneSimulator.Build.0 = Release|iPhoneSimulator
		{48806C4C-716B-467F-919B-F07F29ABA4C8}.Release|iPhoneSimulator.Deploy.0 = Release|iPhoneSimulator
		{48806C4C-716B-467F-919B-F07F29ABA4C8}.Release|x64.ActiveCfg = Release|iPhone
		{48806C4C-716B-467F-919B-F07F29ABA4C8}.Release|x64.Build.0 = Release|iPhone
		{48806C4C-716B-467F-919B-F07F29ABA4C8}.Release|x64.Deploy.0 = Release|iPhone
		{48806C4C-716B-467F-919B-F07F29ABA4C8}.Release|x86.ActiveCfg = Release|iPhone
		{48806C4C-716B-467F-919B-F07F29ABA4C8}.Release|x86.Build.0 = Release|iPhone
		{48806C4C-716B-467F-919B-F07F29ABA4C8}.Release|x86.Deploy.0 = Release|iPhone
		{8FF20F68-BD64-4724-B691-30E5997CEC81}.Ad-Hoc|Any CPU.ActiveCfg = Release|x86
		{8FF20F68-BD64-4724-B691-30E5997CEC81}.Ad-Hoc|Any CPU.Build.0 = Release|x86
		{8FF20F68-BD64-4724-B691-30E5997CEC81}.Ad-Hoc|Any CPU.Deploy.0 = Release|x86
		{8FF20F68-BD64-4724-B691-30E5997CEC81}.Ad-Hoc|ARM.ActiveCfg = Release|ARM
		{8FF20F68-BD64-4724-B691-30E5997CEC81}.Ad-Hoc|ARM.Build.0 = Release|ARM
		{8FF20F68-BD64-4724-B691-30E5997CEC81}.Ad-Hoc|ARM.Deploy.0 = Release|ARM
		{8FF20F68-BD64-4724-B691-30E5997CEC81}.Ad-Hoc|iPhone.ActiveCfg = Release|x86
		{8FF20F68-BD64-4724-B691-30E5997CEC81}.Ad-Hoc|iPhone.Build.0 = Release|x86
		{8FF20F68-BD64-4724-B691-30E5997CEC81}.Ad-Hoc|iPhone.Deploy.0 = Release|x86
		{8FF20F68-BD64-4724-B691-30E5997CEC81}.Ad-Hoc|iPhoneSimulator.ActiveCfg = Release|x86
		{8FF20F68-BD64-4724-B691-30E5997CEC81}.Ad-Hoc|iPhoneSimulator.Build.0 = Release|x86
		{8FF20F68-BD64-4724-B691-30E5997CEC81}.Ad-Hoc|iPhoneSimulator.Deploy.0 = Release|x86
		{8FF20F68-BD64-4724-B691-30E5997CEC81}.Ad-Hoc|x64.ActiveCfg = Release|x64
		{8FF20F68-BD64-4724-B691-30E5997CEC81}.Ad-Hoc|x64.Build.0 = Release|x64
		{8FF20F68-BD64-4724-B691-30E5997CEC81}.Ad-Hoc|x64.Deploy.0 = Release|x64
		{8FF20F68-BD64-4724-B691-30E5997CEC81}.Ad-Hoc|x86.ActiveCfg = Release|x86
		{8FF20F68-BD64-4724-B691-30E5997CEC81}.Ad-Hoc|x86.Build.0 = Release|x86
		{8FF20F68-BD64-4724-B691-30E5997CEC81}.Ad-Hoc|x86.Deploy.0 = Release|x86
		{8FF20F68-BD64-4724-B691-30E5997CEC81}.AppStore|Any CPU.ActiveCfg = Release|x86
		{8FF20F68-BD64-4724-B691-30E5997CEC81}.AppStore|Any CPU.Build.0 = Release|x86
		{8FF20F68-BD64-4724-B691-30E5997CEC81}.AppStore|Any CPU.Deploy.0 = Release|x86
		{8FF20F68-BD64-4724-B691-30E5997CEC81}.AppStore|ARM.ActiveCfg = Release|ARM
		{8FF20F68-BD64-4724-B691-30E5997CEC81}.AppStore|ARM.Build.0 = Release|ARM
		{8FF20F68-BD64-4724-B691-30E5997CEC81}.AppStore|ARM.Deploy.0 = Release|ARM
		{8FF20F68-BD64-4724-B691-30E5997CEC81}.AppStore|iPhone.ActiveCfg = Release|x86
		{8FF20F68-BD64-4724-B691-30E5997CEC81}.AppStore|iPhone.Build.0 = Release|x86
		{8FF20F68-BD64-4724-B691-30E5997CEC81}.AppStore|iPhone.Deploy.0 = Release|x86
		{8FF20F68-BD64-4724-B691-30E5997CEC81}.AppStore|iPhoneSimulator.ActiveCfg = Release|x86
		{8FF20F68-BD64-4724-B691-30E5997CEC81}.AppStore|iPhoneSimulator.Build.0 = Release|x86
		{8FF20F68-BD64-4724-B691-30E5997CEC81}.AppStore|iPhoneSimulator.Deploy.0 = Release|x86
		{8FF20F68-BD64-4724-B691-30E5997CEC81}.AppStore|x64.ActiveCfg = Release|x64
		{8FF20F68-BD64-4724-B691-30E5997CEC81}.AppStore|x64.Build.0 = Release|x64
		{8FF20F68-BD64-4724-B691-30E5997CEC81}.AppStore|x64.Deploy.0 = Release|x64
		{8FF20F68-BD64-4724-B691-30E5997CEC81}.AppStore|x86.ActiveCfg = Release|x86
		{8FF20F68-BD64-4724-B691-30E5997CEC81}.AppStore|x86.Build.0 = Release|x86
		{8FF20F68-BD64-4724-B691-30E5997CEC81}.AppStore|x86.Deploy.0 = Release|x86
		{8FF20F68-BD64-4724-B691-30E5997CEC81}.Debug|Any CPU.ActiveCfg = Debug|x86
		{8FF20F68-BD64-4724-B691-30E5997CEC81}.Debug|Any CPU.Build.0 = Debug|x86
		{8FF20F68-BD64-4724-B691-30E5997CEC81}.Debug|Any CPU.Deploy.0 = Debug|x86
		{8FF20F68-BD64-4724-B691-30E5997CEC81}.Debug|ARM.ActiveCfg = Debug|ARM
		{8FF20F68-BD64-4724-B691-30E5997CEC81}.Debug|ARM.Build.0 = Debug|ARM
		{8FF20F68-BD64-4724-B691-30E5997CEC81}.Debug|ARM.Deploy.0 = Debug|ARM
		{8FF20F68-BD64-4724-B691-30E5997CEC81}.Debug|iPhone.ActiveCfg = Debug|x86
		{8FF20F68-BD64-4724-B691-30E5997CEC81}.Debug|iPhone.Build.0 = Debug|x86
		{8FF20F68-BD64-4724-B691-30E5997CEC81}.Debug|iPhone.Deploy.0 = Debug|x86
		{8FF20F68-BD64-4724-B691-30E5997CEC81}.Debug|iPhoneSimulator.ActiveCfg = Debug|x86
		{8FF20F68-BD64-4724-B691-30E5997CEC81}.Debug|iPhoneSimulator.Build.0 = Debug|x86
		{8FF20F68-BD64-4724-B691-30E5997CEC81}.Debug|iPhoneSimulator.Deploy.0 = Debug|x86
		{8FF20F68-BD64-4724-B691-30E5997CEC81}.Debug|x64.ActiveCfg = Debug|x64
		{8FF20F68-BD64-4724-B691-30E5997CEC81}.Debug|x64.Build.0 = Debug|x64
		{8FF20F68-BD64-4724-B691-30E5997CEC81}.Debug|x64.Deploy.0 = Debug|x64
		{8FF20F68-BD64-4724-B691-30E5997CEC81}.Debug|x86.ActiveCfg = Debug|x86
		{8FF20F68-BD64-4724-B691-30E5997CEC81}.Debug|x86.Build.0 = Debug|x86
		{8FF20F68-BD64-4724-B691-30E5997CEC81}.Debug|x86.Deploy.0 = Debug|x86
		{8FF20F68-BD64-4724-B691-30E5997CEC81}.Release|Any CPU.ActiveCfg = Release|x86
		{8FF20F68-BD64-4724-B691-30E5997CEC81}.Release|Any CPU.Build.0 = Release|x86
		{8FF20F68-BD64-4724-B691-30E5997CEC81}.Release|Any CPU.Deploy.0 = Release|x86
		{8FF20F68-BD64-4724-B691-30E5997CEC81}.Release|ARM.ActiveCfg = Release|ARM
		{8FF20F68-BD64-4724-B691-30E5997CEC81}.Release|ARM.Build.0 = Release|ARM
		{8FF20F68-BD64-4724-B691-30E5997CEC81}.Release|ARM.Deploy.0 = Release|ARM
		{8FF20F68-BD64-4724-B691-30E5997CEC81}.Release|iPhone.ActiveCfg = Release|x86
		{8FF20F68-BD64-4724-B691-30E5997CEC81}.Release|iPhone.Build.0 = Release|x86
		{8FF20F68-BD64-4724-B691-30E5997CEC81}.Release|iPhone.Deploy.0 = Release|x86
		{8FF20F68-BD64-4724-B691-30E5997CEC81}.Release|iPhoneSimulator.ActiveCfg = Release|x86
		{8FF20F68-BD64-4724-B691-30E5997CEC81}.Release|iPhoneSimulator.Build.0 = Release|x86
		{8FF20F68-BD64-4724-B691-30E5997CEC81}.Release|iPhoneSimulator.Deploy.0 = Release|x86
		{8FF20F68-BD64-4724-B691-30E5997CEC81}.Release|x64.ActiveCfg = Release|x64
		{8FF20F68-BD64-4724-B691-30E5997CEC81}.Release|x64.Build.0 = Release|x64
		{8FF20F68-BD64-4724-B691-30E5997CEC81}.Release|x64.Deploy.0 = Release|x64
		{8FF20F68-BD64-4724-B691-30E5997CEC81}.Release|x86.ActiveCfg = Release|x86
		{8FF20F68-BD64-4724-B691-30E5997CEC81}.Release|x86.Build.0 = Release|x86
		{8FF20F68-BD64-4724-B691-30E5997CEC81}.Release|x86.Deploy.0 = Release|x86
		{70B850E3-34B4-43AF-94C0-E86322353774}.Ad-Hoc|Any CPU.ActiveCfg = Debug|Any CPU
		{70B850E3-34B4-43AF-94C0-E86322353774}.Ad-Hoc|Any CPU.Build.0 = Debug|Any CPU
		{70B850E3-34B4-43AF-94C0-E86322353774}.Ad-Hoc|Any CPU.Deploy.0 = Debug|Any CPU
		{70B850E3-34B4-43AF-94C0-E86322353774}.Ad-Hoc|ARM.ActiveCfg = Debug|Any CPU
		{70B850E3-34B4-43AF-94C0-E86322353774}.Ad-Hoc|ARM.Build.0 = Debug|Any CPU
		{70B850E3-34B4-43AF-94C0-E86322353774}.Ad-Hoc|ARM.Deploy.0 = Debug|Any CPU
		{70B850E3-34B4-43AF-94C0-E86322353774}.Ad-Hoc|iPhone.ActiveCfg = Debug|Any CPU
		{70B850E3-34B4-43AF-94C0-E86322353774}.Ad-Hoc|iPhone.Build.0 = Debug|Any CPU
		{70B850E3-34B4-43AF-94C0-E86322353774}.Ad-Hoc|iPhone.Deploy.0 = Debug|Any CPU
		{70B850E3-34B4-43AF-94C0-E86322353774}.Ad-Hoc|iPhoneSimulator.ActiveCfg = Debug|Any CPU
		{70B850E3-34B4-43AF-94C0-E86322353774}.Ad-Hoc|iPhoneSimulator.Build.0 = Debug|Any CPU
		{70B850E3-34B4-43AF-94C0-E86322353774}.Ad-Hoc|iPhoneSimulator.Deploy.0 = Debug|Any CPU
		{70B850E3-34B4-43AF-94C0-E86322353774}.Ad-Hoc|x64.ActiveCfg = Debug|Any CPU
		{70B850E3-34B4-43AF-94C0-E86322353774}.Ad-Hoc|x64.Build.0 = Debug|Any CPU
		{70B850E3-34B4-43AF-94C0-E86322353774}.Ad-Hoc|x64.Deploy.0 = Debug|Any CPU
		{70B850E3-34B4-43AF-94C0-E86322353774}.Ad-Hoc|x86.ActiveCfg = Debug|Any CPU
		{70B850E3-34B4-43AF-94C0-E86322353774}.Ad-Hoc|x86.Build.0 = Debug|Any CPU
		{70B850E3-34B4-43AF-94C0-E86322353774}.Ad-Hoc|x86.Deploy.0 = Debug|Any CPU
		{70B850E3-34B4-43AF-94C0-E86322353774}.AppStore|Any CPU.ActiveCfg = Debug|Any CPU
		{70B850E3-34B4-43AF-94C0-E86322353774}.AppStore|Any CPU.Build.0 = Debug|Any CPU
		{70B850E3-34B4-43AF-94C0-E86322353774}.AppStore|Any CPU.Deploy.0 = Debug|Any CPU
		{70B850E3-34B4-43AF-94C0-E86322353774}.AppStore|ARM.ActiveCfg = Debug|Any CPU
		{70B850E3-34B4-43AF-94C0-E86322353774}.AppStore|ARM.Build.0 = Debug|Any CPU
		{70B850E3-34B4-43AF-94C0-E86322353774}.AppStore|ARM.Deploy.0 = Debug|Any CPU
		{70B850E3-34B4-43AF-94C0-E86322353774}.AppStore|iPhone.ActiveCfg = Debug|Any CPU
		{70B850E3-34B4-43AF-94C0-E86322353774}.AppStore|iPhone.Build.0 = Debug|Any CPU
		{70B850E3-34B4-43AF-94C0-E86322353774}.AppStore|iPhone.Deploy.0 = Debug|Any CPU
		{70B850E3-34B4-43AF-94C0-E86322353774}.AppStore|iPhoneSimulator.ActiveCfg = Debug|Any CPU
		{70B850E3-34B4-43AF-94C0-E86322353774}.AppStore|iPhoneSimulator.Build.0 = Debug|Any CPU
		{70B850E3-34B4-43AF-94C0-E86322353774}.AppStore|iPhoneSimulator.Deploy.0 = Debug|Any CPU
		{70B850E3-34B4-43AF-94C0-E86322353774}.AppStore|x64.ActiveCfg = Debug|Any CPU
		{70B850E3-34B4-43AF-94C0-E86322353774}.AppStore|x64.Build.0 = Debug|Any CPU
		{70B850E3-34B4-43AF-94C0-E86322353774}.AppStore|x64.Deploy.0 = Debug|Any CPU
		{70B850E3-34B4-43AF-94C0-E86322353774}.AppStore|x86.ActiveCfg = Debug|Any CPU
		{70B850E3-34B4-43AF-94C0-E86322353774}.AppStore|x86.Build.0 = Debug|Any CPU
		{70B850E3-34B4-43AF-94C0-E86322353774}.AppStore|x86.Deploy.0 = Debug|Any CPU
		{70B850E3-34B4-43AF-94C0-E86322353774}.Debug|Any CPU.ActiveCfg = Debug|Any CPU
		{70B850E3-34B4-43AF-94C0-E86322353774}.Debug|Any CPU.Build.0 = Debug|Any CPU
		{70B850E3-34B4-43AF-94C0-E86322353774}.Debug|Any CPU.Deploy.0 = Debug|Any CPU
		{70B850E3-34B4-43AF-94C0-E86322353774}.Debug|ARM.ActiveCfg = Debug|Any CPU
		{70B850E3-34B4-43AF-94C0-E86322353774}.Debug|ARM.Build.0 = Debug|Any CPU
		{70B850E3-34B4-43AF-94C0-E86322353774}.Debug|ARM.Deploy.0 = Debug|Any CPU
		{70B850E3-34B4-43AF-94C0-E86322353774}.Debug|iPhone.ActiveCfg = Debug|Any CPU
		{70B850E3-34B4-43AF-94C0-E86322353774}.Debug|iPhone.Build.0 = Debug|Any CPU
		{70B850E3-34B4-43AF-94C0-E86322353774}.Debug|iPhone.Deploy.0 = Debug|Any CPU
		{70B850E3-34B4-43AF-94C0-E86322353774}.Debug|iPhoneSimulator.ActiveCfg = Debug|Any CPU
		{70B850E3-34B4-43AF-94C0-E86322353774}.Debug|iPhoneSimulator.Build.0 = Debug|Any CPU
		{70B850E3-34B4-43AF-94C0-E86322353774}.Debug|iPhoneSimulator.Deploy.0 = Debug|Any CPU
		{70B850E3-34B4-43AF-94C0-E86322353774}.Debug|x64.ActiveCfg = Debug|Any CPU
		{70B850E3-34B4-43AF-94C0-E86322353774}.Debug|x64.Build.0 = Debug|Any CPU
		{70B850E3-34B4-43AF-94C0-E86322353774}.Debug|x64.Deploy.0 = Debug|Any CPU
		{70B850E3-34B4-43AF-94C0-E86322353774}.Debug|x86.ActiveCfg = Debug|Any CPU
		{70B850E3-34B4-43AF-94C0-E86322353774}.Debug|x86.Build.0 = Debug|Any CPU
		{70B850E3-34B4-43AF-94C0-E86322353774}.Debug|x86.Deploy.0 = Debug|Any CPU
		{70B850E3-34B4-43AF-94C0-E86322353774}.Release|Any CPU.ActiveCfg = Release|Any CPU
		{70B850E3-34B4-43AF-94C0-E86322353774}.Release|Any CPU.Build.0 = Release|Any CPU
		{70B850E3-34B4-43AF-94C0-E86322353774}.Release|Any CPU.Deploy.0 = Release|Any CPU
		{70B850E3-34B4-43AF-94C0-E86322353774}.Release|ARM.ActiveCfg = Release|Any CPU
		{70B850E3-34B4-43AF-94C0-E86322353774}.Release|ARM.Build.0 = Release|Any CPU
		{70B850E3-34B4-43AF-94C0-E86322353774}.Release|ARM.Deploy.0 = Release|Any CPU
		{70B850E3-34B4-43AF-94C0-E86322353774}.Release|iPhone.ActiveCfg = Release|Any CPU
		{70B850E3-34B4-43AF-94C0-E86322353774}.Release|iPhone.Build.0 = Release|Any CPU
		{70B850E3-34B4-43AF-94C0-E86322353774}.Release|iPhone.Deploy.0 = Release|Any CPU
		{70B850E3-34B4-43AF-94C0-E86322353774}.Release|iPhoneSimulator.ActiveCfg = Release|Any CPU
		{70B850E3-34B4-43AF-94C0-E86322353774}.Release|iPhoneSimulator.Build.0 = Release|Any CPU
		{70B850E3-34B4-43AF-94C0-E86322353774}.Release|iPhoneSimulator.Deploy.0 = Release|Any CPU
		{70B850E3-34B4-43AF-94C0-E86322353774}.Release|x64.ActiveCfg = Release|Any CPU
		{70B850E3-34B4-43AF-94C0-E86322353774}.Release|x64.Build.0 = Release|Any CPU
		{70B850E3-34B4-43AF-94C0-E86322353774}.Release|x64.Deploy.0 = Release|Any CPU
		{70B850E3-34B4-43AF-94C0-E86322353774}.Release|x86.ActiveCfg = Release|Any CPU
		{70B850E3-34B4-43AF-94C0-E86322353774}.Release|x86.Build.0 = Release|Any CPU
		{70B850E3-34B4-43AF-94C0-E86322353774}.Release|x86.Deploy.0 = Release|Any CPU
		{8F1B2186-4E33-40D1-A6D4-9E1BB68AA76F}.Ad-Hoc|Any CPU.ActiveCfg = Debug|Any CPU
		{8F1B2186-4E33-40D1-A6D4-9E1BB68AA76F}.Ad-Hoc|Any CPU.Build.0 = Debug|Any CPU
		{8F1B2186-4E33-40D1-A6D4-9E1BB68AA76F}.Ad-Hoc|ARM.ActiveCfg = Debug|Any CPU
		{8F1B2186-4E33-40D1-A6D4-9E1BB68AA76F}.Ad-Hoc|ARM.Build.0 = Debug|Any CPU
		{8F1B2186-4E33-40D1-A6D4-9E1BB68AA76F}.Ad-Hoc|iPhone.ActiveCfg = Debug|Any CPU
		{8F1B2186-4E33-40D1-A6D4-9E1BB68AA76F}.Ad-Hoc|iPhone.Build.0 = Debug|Any CPU
		{8F1B2186-4E33-40D1-A6D4-9E1BB68AA76F}.Ad-Hoc|iPhoneSimulator.ActiveCfg = Debug|Any CPU
		{8F1B2186-4E33-40D1-A6D4-9E1BB68AA76F}.Ad-Hoc|iPhoneSimulator.Build.0 = Debug|Any CPU
		{8F1B2186-4E33-40D1-A6D4-9E1BB68AA76F}.Ad-Hoc|x64.ActiveCfg = Debug|Any CPU
		{8F1B2186-4E33-40D1-A6D4-9E1BB68AA76F}.Ad-Hoc|x64.Build.0 = Debug|Any CPU
		{8F1B2186-4E33-40D1-A6D4-9E1BB68AA76F}.Ad-Hoc|x86.ActiveCfg = Debug|Any CPU
		{8F1B2186-4E33-40D1-A6D4-9E1BB68AA76F}.Ad-Hoc|x86.Build.0 = Debug|Any CPU
		{8F1B2186-4E33-40D1-A6D4-9E1BB68AA76F}.AppStore|Any CPU.ActiveCfg = Debug|Any CPU
		{8F1B2186-4E33-40D1-A6D4-9E1BB68AA76F}.AppStore|Any CPU.Build.0 = Debug|Any CPU
		{8F1B2186-4E33-40D1-A6D4-9E1BB68AA76F}.AppStore|ARM.ActiveCfg = Debug|Any CPU
		{8F1B2186-4E33-40D1-A6D4-9E1BB68AA76F}.AppStore|ARM.Build.0 = Debug|Any CPU
		{8F1B2186-4E33-40D1-A6D4-9E1BB68AA76F}.AppStore|iPhone.ActiveCfg = Debug|Any CPU
		{8F1B2186-4E33-40D1-A6D4-9E1BB68AA76F}.AppStore|iPhone.Build.0 = Debug|Any CPU
		{8F1B2186-4E33-40D1-A6D4-9E1BB68AA76F}.AppStore|iPhoneSimulator.ActiveCfg = Debug|Any CPU
		{8F1B2186-4E33-40D1-A6D4-9E1BB68AA76F}.AppStore|iPhoneSimulator.Build.0 = Debug|Any CPU
		{8F1B2186-4E33-40D1-A6D4-9E1BB68AA76F}.AppStore|x64.ActiveCfg = Debug|Any CPU
		{8F1B2186-4E33-40D1-A6D4-9E1BB68AA76F}.AppStore|x64.Build.0 = Debug|Any CPU
		{8F1B2186-4E33-40D1-A6D4-9E1BB68AA76F}.AppStore|x86.ActiveCfg = Debug|Any CPU
		{8F1B2186-4E33-40D1-A6D4-9E1BB68AA76F}.AppStore|x86.Build.0 = Debug|Any CPU
		{8F1B2186-4E33-40D1-A6D4-9E1BB68AA76F}.Debug|Any CPU.ActiveCfg = Debug|Any CPU
		{8F1B2186-4E33-40D1-A6D4-9E1BB68AA76F}.Debug|Any CPU.Build.0 = Debug|Any CPU
		{8F1B2186-4E33-40D1-A6D4-9E1BB68AA76F}.Debug|ARM.ActiveCfg = Debug|Any CPU
		{8F1B2186-4E33-40D1-A6D4-9E1BB68AA76F}.Debug|ARM.Build.0 = Debug|Any CPU
		{8F1B2186-4E33-40D1-A6D4-9E1BB68AA76F}.Debug|iPhone.ActiveCfg = Debug|Any CPU
		{8F1B2186-4E33-40D1-A6D4-9E1BB68AA76F}.Debug|iPhone.Build.0 = Debug|Any CPU
		{8F1B2186-4E33-40D1-A6D4-9E1BB68AA76F}.Debug|iPhoneSimulator.ActiveCfg = Debug|Any CPU
		{8F1B2186-4E33-40D1-A6D4-9E1BB68AA76F}.Debug|iPhoneSimulator.Build.0 = Debug|Any CPU
		{8F1B2186-4E33-40D1-A6D4-9E1BB68AA76F}.Debug|x64.ActiveCfg = Debug|Any CPU
		{8F1B2186-4E33-40D1-A6D4-9E1BB68AA76F}.Debug|x64.Build.0 = Debug|Any CPU
		{8F1B2186-4E33-40D1-A6D4-9E1BB68AA76F}.Debug|x86.ActiveCfg = Debug|Any CPU
		{8F1B2186-4E33-40D1-A6D4-9E1BB68AA76F}.Debug|x86.Build.0 = Debug|Any CPU
		{8F1B2186-4E33-40D1-A6D4-9E1BB68AA76F}.Release|Any CPU.ActiveCfg = Release|Any CPU
		{8F1B2186-4E33-40D1-A6D4-9E1BB68AA76F}.Release|Any CPU.Build.0 = Release|Any CPU
		{8F1B2186-4E33-40D1-A6D4-9E1BB68AA76F}.Release|ARM.ActiveCfg = Release|Any CPU
		{8F1B2186-4E33-40D1-A6D4-9E1BB68AA76F}.Release|ARM.Build.0 = Release|Any CPU
		{8F1B2186-4E33-40D1-A6D4-9E1BB68AA76F}.Release|iPhone.ActiveCfg = Release|Any CPU
		{8F1B2186-4E33-40D1-A6D4-9E1BB68AA76F}.Release|iPhone.Build.0 = Release|Any CPU
		{8F1B2186-4E33-40D1-A6D4-9E1BB68AA76F}.Release|iPhoneSimulator.ActiveCfg = Release|Any CPU
		{8F1B2186-4E33-40D1-A6D4-9E1BB68AA76F}.Release|iPhoneSimulator.Build.0 = Release|Any CPU
		{8F1B2186-4E33-40D1-A6D4-9E1BB68AA76F}.Release|x64.ActiveCfg = Release|Any CPU
		{8F1B2186-4E33-40D1-A6D4-9E1BB68AA76F}.Release|x64.Build.0 = Release|Any CPU
		{8F1B2186-4E33-40D1-A6D4-9E1BB68AA76F}.Release|x86.ActiveCfg = Release|Any CPU
		{8F1B2186-4E33-40D1-A6D4-9E1BB68AA76F}.Release|x86.Build.0 = Release|Any CPU
	EndGlobalSection
	GlobalSection(SolutionProperties) = preSolution
		HideSolutionNode = FALSE
	EndGlobalSection
	GlobalSection(ExtensibilityGlobals) = postSolution
		SolutionGuid = {E5F0111B-6DE8-4636-A02A-1D8452AA2654}
	EndGlobalSection
EndGlobal
